
Microsoft Visual Studio Solution File, Format Version 12.00
# Visual Studio Version 17
VisualStudioVersion = 17.3.32804.467
MinimumVisualStudioVersion = 10.0.40219.1
Project("{FAE04EC0-301F-11D3-BF4B-00C04F79EFBC}") = "Race_Game", "E4.Polymorphism_Example\Race_Game.csproj", "{90C3E2F6-61C9-403C-8B3D-39E6D5639913}"
EndProject
Global
	GlobalSection(SolutionConfigurationPlatforms) = preSolution
		Debug|Any CPU = Debug|Any CPU
		Release|Any CPU = Release|Any CPU
	EndGlobalSection
	GlobalSection(ProjectConfigurationPlatforms) = postSolution
		{90C3E2F6-61C9-403C-8B3D-39E6D5639913}.Debug|Any CPU.ActiveCfg = Debug|Any CPU
		{90C3E2F6-61C9-403C-8B3D-39E6D5639913}.Debug|Any CPU.Build.0 = Debug|Any CPU
		{90C3E2F6-61C9-403C-8B3D-39E6D5639913}.Release|Any CPU.ActiveCfg = Release|Any CPU
		{90C3E2F6-61C9-403C-8B3D-39E6D5639913}.Release|Any CPU.Build.0 = Release|Any CPU
	EndGlobalSection
	GlobalSection(SolutionProperties) = preSolution
		HideSolutionNode = FALSE
	EndGlobalSection
	GlobalSection(ExtensibilityGlobals) = postSolution
		SolutionGuid = {DB8214E9-2CA5-4A83-B201-7E6BD2507189}
	EndGlobalSection
EndGlobal
